
Microsoft Visual Studio Solution File, Format Version 12.00
# Visual Studio Version 16
VisualStudioVersion = 16.0.31229.75
MinimumVisualStudioVersion = 10.0.40219.1
Project("{FAE04EC0-301F-11D3-BF4B-00C04F79EFBC}") = "WebApplication1", "WebApplication1\WebApplication1.csproj", "{FFE1C2DB-C76D-49E3-BF74-0EA0F4B1EB17}"
EndProject
Global
	GlobalSection(SolutionConfigurationPlatforms) = preSolution
		Debug|Any CPU = Debug|Any CPU
		Release|Any CPU = Release|Any CPU
	EndGlobalSection
	GlobalSection(ProjectConfigurationPlatforms) = postSolution
		{FFE1C2DB-C76D-49E3-BF74-0EA0F4B1EB17}.Debug|Any CPU.ActiveCfg = Debug|Any CPU
		{FFE1C2DB-C76D-49E3-BF74-0EA0F4B1EB17}.Debug|Any CPU.Build.0 = Debug|Any CPU
		{FFE1C2DB-C76D-49E3-BF74-0EA0F4B1EB17}.Release|Any CPU.ActiveCfg = Release|Any CPU
		{FFE1C2DB-C76D-49E3-BF74-0EA0F4B1EB17}.Release|Any CPU.Build.0 = Release|Any CPU
	EndGlobalSection
	GlobalSection(SolutionProperties) = preSolution
		HideSolutionNode = FALSE
	EndGlobalSection
	GlobalSection(ExtensibilityGlobals) = postSolution
		SolutionGuid = {2456DE50-365B-4D90-A440-A69934529AFC}
	EndGlobalSection
EndGlobal
